
Microsoft Visual Studio Solution File, Format Version 12.00
# Visual Studio Version 16
VisualStudioVersion = 16.0.32126.315
MinimumVisualStudioVersion = 10.0.40219.1
Project("{9A19103F-16F7-4668-BE54-9A1E7A4F7556}") = "BD", "BD\BD.csproj", "{2C5F4C21-9DCD-48F1-A885-83BBEFD71CFA}"
EndProject
Project("{9A19103F-16F7-4668-BE54-9A1E7A4F7556}") = "Entity", "Entity\Entity.csproj", "{08EB9D6F-1D09-423D-8FC2-88E45C901AD0}"
EndProject
Project("{9A19103F-16F7-4668-BE54-9A1E7A4F7556}") = "WBL", "WBL\WBL.csproj", "{D124DA8D-ECC0-4002-8763-78B553DA0E7C}"
EndProject
Project("{00D1A9C2-B5F0-4AF3-8072-F6C62B433612}") = "BaseDeDatos", "BaseDeDatos\BaseDeDatos.sqlproj", "{A4A5D0F4-D61C-4BB7-A106-C98E5E50FCB8}"
EndProject
Project("{FAE04EC0-301F-11D3-BF4B-00C04F79EFBC}") = "WebApp", "WebApp\WebApp.csproj", "{4F95421C-42A6-4A43-A323-98153E8B4588}"
EndProject
Global
	GlobalSection(SolutionConfigurationPlatforms) = preSolution
		Debug|Any CPU = Debug|Any CPU
		Release|Any CPU = Release|Any CPU
	EndGlobalSection
	GlobalSection(ProjectConfigurationPlatforms) = postSolution
		{2C5F4C21-9DCD-48F1-A885-83BBEFD71CFA}.Debug|Any CPU.ActiveCfg = Debug|Any CPU
		{2C5F4C21-9DCD-48F1-A885-83BBEFD71CFA}.Debug|Any CPU.Build.0 = Debug|Any CPU
		{2C5F4C21-9DCD-48F1-A885-83BBEFD71CFA}.Release|Any CPU.ActiveCfg = Release|Any CPU
		{2C5F4C21-9DCD-48F1-A885-83BBEFD71CFA}.Release|Any CPU.Build.0 = Release|Any CPU
		{08EB9D6F-1D09-423D-8FC2-88E45C901AD0}.Debug|Any CPU.ActiveCfg = Debug|Any CPU
		{08EB9D6F-1D09-423D-8FC2-88E45C901AD0}.Debug|Any CPU.Build.0 = Debug|Any CPU
		{08EB9D6F-1D09-423D-8FC2-88E45C901AD0}.Release|Any CPU.ActiveCfg = Release|Any CPU
		{08EB9D6F-1D09-423D-8FC2-88E45C901AD0}.Release|Any CPU.Build.0 = Release|Any CPU
		{D124DA8D-ECC0-4002-8763-78B553DA0E7C}.Debug|Any CPU.ActiveCfg = Debug|Any CPU
		{D124DA8D-ECC0-4002-8763-78B553DA0E7C}.Debug|Any CPU.Build.0 = Debug|Any CPU
		{D124DA8D-ECC0-4002-8763-78B553DA0E7C}.Release|Any CPU.ActiveCfg = Release|Any CPU
		{D124DA8D-ECC0-4002-8763-78B553DA0E7C}.Release|Any CPU.Build.0 = Release|Any CPU
		{A4A5D0F4-D61C-4BB7-A106-C98E5E50FCB8}.Debug|Any CPU.ActiveCfg = Debug|Any CPU
		{A4A5D0F4-D61C-4BB7-A106-C98E5E50FCB8}.Debug|Any CPU.Build.0 = Debug|Any CPU
		{A4A5D0F4-D61C-4BB7-A106-C98E5E50FCB8}.Debug|Any CPU.Deploy.0 = Debug|Any CPU
		{A4A5D0F4-D61C-4BB7-A106-C98E5E50FCB8}.Release|Any CPU.ActiveCfg = Release|Any CPU
		{A4A5D0F4-D61C-4BB7-A106-C98E5E50FCB8}.Release|Any CPU.Build.0 = Release|Any CPU
		{A4A5D0F4-D61C-4BB7-A106-C98E5E50FCB8}.Release|Any CPU.Deploy.0 = Release|Any CPU
		{4F95421C-42A6-4A43-A323-98153E8B4588}.Debug|Any CPU.ActiveCfg = Debug|Any CPU
		{4F95421C-42A6-4A43-A323-98153E8B4588}.Debug|Any CPU.Build.0 = Debug|Any CPU
		{4F95421C-42A6-4A43-A323-98153E8B4588}.Release|Any CPU.ActiveCfg = Release|Any CPU
		{4F95421C-42A6-4A43-A323-98153E8B4588}.Release|Any CPU.Build.0 = Release|Any CPU
	EndGlobalSection
	GlobalSection(SolutionProperties) = preSolution
		HideSolutionNode = FALSE
	EndGlobalSection
	GlobalSection(ExtensibilityGlobals) = postSolution
		SolutionGuid = {8C17C11C-76E1-412B-B7A2-EE015B2B1636}
	EndGlobalSection
EndGlobal
